// !$*UTF8*$!
{
	archiveVersion = 1;
	classes = {
	};
	objectVersion = 55;
	objects = {

/* Begin PBXBuildFile section */
		C9562EF72890595F000F555D /* JobAccountModel.swift in Sources */ = {isa = PBXBuildFile; fileRef = C9562EF62890595F000F555D /* JobAccountModel.swift */; };
		C956BB4528988FFE005B43A8 /* SuccessView.swift in Sources */ = {isa = PBXBuildFile; fileRef = C956BB4428988FFE005B43A8 /* SuccessView.swift */; };
		C98B61ED2898777D00A91288 /* SignInModel.swift in Sources */ = {isa = PBXBuildFile; fileRef = C98B61EC2898777D00A91288 /* SignInModel.swift */; };
		C98C7E48288E12F10048AD24 /* QuickLinkApp.swift in Sources */ = {isa = PBXBuildFile; fileRef = C98C7E47288E12F10048AD24 /* QuickLinkApp.swift */; };
		C98C7E4A288E12F10048AD24 /* HomeView.swift in Sources */ = {isa = PBXBuildFile; fileRef = C98C7E49288E12F10048AD24 /* HomeView.swift */; };
		C98C7E4C288E12F30048AD24 /* Assets.xcassets in Resources */ = {isa = PBXBuildFile; fileRef = C98C7E4B288E12F30048AD24 /* Assets.xcassets */; };
		C98C7E4F288E12F30048AD24 /* Preview Assets.xcassets in Resources */ = {isa = PBXBuildFile; fileRef = C98C7E4E288E12F30048AD24 /* Preview Assets.xcassets */; };
		C98C7E59288E12F30048AD24 /* QuickLinkTests.swift in Sources */ = {isa = PBXBuildFile; fileRef = C98C7E58288E12F30048AD24 /* QuickLinkTests.swift */; };
		C98C7E63288E12F30048AD24 /* QuickLinkUITests.swift in Sources */ = {isa = PBXBuildFile; fileRef = C98C7E62288E12F30048AD24 /* QuickLinkUITests.swift */; };
		C98C7E65288E12F30048AD24 /* QuickLinkUITestsLaunchTests.swift in Sources */ = {isa = PBXBuildFile; fileRef = C98C7E64288E12F30048AD24 /* QuickLinkUITestsLaunchTests.swift */; };
		C98C7E74288E142D0048AD24 /* ColorModel.swift in Sources */ = {isa = PBXBuildFile; fileRef = C98C7E73288E142D0048AD24 /* ColorModel.swift */; };
		C98C7E7B288E1A790048AD24 /* SignInBoxView.swift in Sources */ = {isa = PBXBuildFile; fileRef = C98C7E7A288E1A790048AD24 /* SignInBoxView.swift */; };
		C98C7E7D288E1C140048AD24 /* SignInView.swift in Sources */ = {isa = PBXBuildFile; fileRef = C98C7E7C288E1C140048AD24 /* SignInView.swift */; };
		C98C7E7F288E1E910048AD24 /* SignUpBoxView.swift in Sources */ = {isa = PBXBuildFile; fileRef = C98C7E7E288E1E910048AD24 /* SignUpBoxView.swift */; };
		C98C7E81288E1ED70048AD24 /* SignUpView.swift in Sources */ = {isa = PBXBuildFile; fileRef = C98C7E80288E1ED70048AD24 /* SignUpView.swift */; };
		C98C7E83288E206C0048AD24 /* HacakthonAccountCreationView.swift in Sources */ = {isa = PBXBuildFile; fileRef = C98C7E82288E206C0048AD24 /* HacakthonAccountCreationView.swift */; };
		C98C7E85288E209B0048AD24 /* HackathonAccountCreationBoxView.swift in Sources */ = {isa = PBXBuildFile; fileRef = C98C7E84288E209B0048AD24 /* HackathonAccountCreationBoxView.swift */; };
		C98C7E87288E22050048AD24 /* JobCreationBoxView.swift in Sources */ = {isa = PBXBuildFile; fileRef = C98C7E86288E22050048AD24 /* JobCreationBoxView.swift */; };
		C98C7E89288E23ED0048AD24 /* JobCreationView.swift in Sources */ = {isa = PBXBuildFile; fileRef = C98C7E88288E23EC0048AD24 /* JobCreationView.swift */; };
		C9AB0CE92890C61E00379B37 /* JobBioView.swift in Sources */ = {isa = PBXBuildFile; fileRef = C9AB0CE82890C61E00379B37 /* JobBioView.swift */; };
		C9C38226288F1E7B002C2609 /* HackathonAccountModel.swift in Sources */ = {isa = PBXBuildFile; fileRef = C9C38225288F1E7B002C2609 /* HackathonAccountModel.swift */; };
		C9C38228288F665C002C2609 /* CreateAccountView.swift in Sources */ = {isa = PBXBuildFile; fileRef = C9C38227288F665C002C2609 /* CreateAccountView.swift */; };
		C9C3822E288F7225002C2609 /* BioView.swift in Sources */ = {isa = PBXBuildFile; fileRef = C9C3822D288F7225002C2609 /* BioView.swift */; };
		C9C38230288F7CFA002C2609 /* PublishAccountView.swift in Sources */ = {isa = PBXBuildFile; fileRef = C9C3822F288F7CF9002C2609 /* PublishAccountView.swift */; };
/* End PBXBuildFile section */

/* Begin PBXContainerItemProxy section */
		C98C7E55288E12F30048AD24 /* PBXContainerItemProxy */ = {
			isa = PBXContainerItemProxy;
			containerPortal = C98C7E3C288E12F10048AD24 /* Project object */;
			proxyType = 1;
			remoteGlobalIDString = C98C7E43288E12F10048AD24;
			remoteInfo = QuickLink;
		};
		C98C7E5F288E12F30048AD24 /* PBXContainerItemProxy */ = {
			isa = PBXContainerItemProxy;
			containerPortal = C98C7E3C288E12F10048AD24 /* Project object */;
			proxyType = 1;
			remoteGlobalIDString = C98C7E43288E12F10048AD24;
			remoteInfo = QuickLink;
		};
/* End PBXContainerItemProxy section */

/* Begin PBXFileReference section */
		C9562EF62890595F000F555D /* JobAccountModel.swift */ = {isa = PBXFileReference; lastKnownFileType = sourcecode.swift; path = JobAccountModel.swift; sourceTree = "<group>"; };
		C956BB4428988FFE005B43A8 /* SuccessView.swift */ = {isa = PBXFileReference; lastKnownFileType = sourcecode.swift; path = SuccessView.swift; sourceTree = "<group>"; };
		C98B61EC2898777D00A91288 /* SignInModel.swift */ = {isa = PBXFileReference; lastKnownFileType = sourcecode.swift; path = SignInModel.swift; sourceTree = "<group>"; };
		C98C7E44288E12F10048AD24 /* QuickLink.app */ = {isa = PBXFileReference; explicitFileType = wrapper.application; includeInIndex = 0; path = QuickLink.app; sourceTree = BUILT_PRODUCTS_DIR; };
		C98C7E47288E12F10048AD24 /* QuickLinkApp.swift */ = {isa = PBXFileReference; lastKnownFileType = sourcecode.swift; path = QuickLinkApp.swift; sourceTree = "<group>"; };
		C98C7E49288E12F10048AD24 /* HomeView.swift */ = {isa = PBXFileReference; lastKnownFileType = sourcecode.swift; path = HomeView.swift; sourceTree = "<group>"; };
		C98C7E4B288E12F30048AD24 /* Assets.xcassets */ = {isa = PBXFileReference; lastKnownFileType = folder.assetcatalog; path = Assets.xcassets; sourceTree = "<group>"; };
		C98C7E4E288E12F30048AD24 /* Preview Assets.xcassets */ = {isa = PBXFileReference; lastKnownFileType = folder.assetcatalog; path = "Preview Assets.xcassets"; sourceTree = "<group>"; };
		C98C7E54288E12F30048AD24 /* QuickLinkTests.xctest */ = {isa = PBXFileReference; explicitFileType = wrapper.cfbundle; includeInIndex = 0; path = QuickLinkTests.xctest; sourceTree = BUILT_PRODUCTS_DIR; };
		C98C7E58288E12F30048AD24 /* QuickLinkTests.swift */ = {isa = PBXFileReference; lastKnownFileType = sourcecode.swift; path = QuickLinkTests.swift; sourceTree = "<group>"; };
		C98C7E5E288E12F30048AD24 /* QuickLinkUITests.xctest */ = {isa = PBXFileReference; explicitFileType = wrapper.cfbundle; includeInIndex = 0; path = QuickLinkUITests.xctest; sourceTree = BUILT_PRODUCTS_DIR; };
		C98C7E62288E12F30048AD24 /* QuickLinkUITests.swift */ = {isa = PBXFileReference; lastKnownFileType = sourcecode.swift; path = QuickLinkUITests.swift; sourceTree = "<group>"; };
		C98C7E64288E12F30048AD24 /* QuickLinkUITestsLaunchTests.swift */ = {isa = PBXFileReference; lastKnownFileType = sourcecode.swift; path = QuickLinkUITestsLaunchTests.swift; sourceTree = "<group>"; };
		C98C7E73288E142D0048AD24 /* ColorModel.swift */ = {isa = PBXFileReference; lastKnownFileType = sourcecode.swift; path = ColorModel.swift; sourceTree = "<group>"; };
		C98C7E7A288E1A790048AD24 /* SignInBoxView.swift */ = {isa = PBXFileReference; lastKnownFileType = sourcecode.swift; path = SignInBoxView.swift; sourceTree = "<group>"; };
		C98C7E7C288E1C140048AD24 /* SignInView.swift */ = {isa = PBXFileReference; lastKnownFileType = sourcecode.swift; path = SignInView.swift; sourceTree = "<group>"; };
		C98C7E7E288E1E910048AD24 /* SignUpBoxView.swift */ = {isa = PBXFileReference; lastKnownFileType = sourcecode.swift; path = SignUpBoxView.swift; sourceTree = "<group>"; };
		C98C7E80288E1ED70048AD24 /* SignUpView.swift */ = {isa = PBXFileReference; lastKnownFileType = sourcecode.swift; path = SignUpView.swift; sourceTree = "<group>"; };
		C98C7E82288E206C0048AD24 /* HacakthonAccountCreationView.swift */ = {isa = PBXFileReference; lastKnownFileType = sourcecode.swift; path = HacakthonAccountCreationView.swift; sourceTree = "<group>"; };
		C98C7E84288E209B0048AD24 /* HackathonAccountCreationBoxView.swift */ = {isa = PBXFileReference; lastKnownFileType = sourcecode.swift; path = HackathonAccountCreationBoxView.swift; sourceTree = "<group>"; };
		C98C7E86288E22050048AD24 /* JobCreationBoxView.swift */ = {isa = PBXFileReference; lastKnownFileType = sourcecode.swift; path = JobCreationBoxView.swift; sourceTree = "<group>"; };
		C98C7E88288E23EC0048AD24 /* JobCreationView.swift */ = {isa = PBXFileReference; lastKnownFileType = sourcecode.swift; path = JobCreationView.swift; sourceTree = "<group>"; };
		C9AB0CE82890C61E00379B37 /* JobBioView.swift */ = {isa = PBXFileReference; lastKnownFileType = sourcecode.swift; path = JobBioView.swift; sourceTree = "<group>"; };
		C9C38225288F1E7B002C2609 /* HackathonAccountModel.swift */ = {isa = PBXFileReference; lastKnownFileType = sourcecode.swift; path = HackathonAccountModel.swift; sourceTree = "<group>"; };
		C9C38227288F665C002C2609 /* CreateAccountView.swift */ = {isa = PBXFileReference; lastKnownFileType = sourcecode.swift; path = CreateAccountView.swift; sourceTree = "<group>"; };
		C9C3822D288F7225002C2609 /* BioView.swift */ = {isa = PBXFileReference; lastKnownFileType = sourcecode.swift; path = BioView.swift; sourceTree = "<group>"; };
		C9C3822F288F7CF9002C2609 /* PublishAccountView.swift */ = {isa = PBXFileReference; lastKnownFileType = sourcecode.swift; path = PublishAccountView.swift; sourceTree = "<group>"; };
/* End PBXFileReference section */

/* Begin PBXFrameworksBuildPhase section */
		C98C7E41288E12F10048AD24 /* Frameworks */ = {
			isa = PBXFrameworksBuildPhase;
			buildActionMask = 2147483647;
			files = (
			);
			runOnlyForDeploymentPostprocessing = 0;
		};
		C98C7E51288E12F30048AD24 /* Frameworks */ = {
			isa = PBXFrameworksBuildPhase;
			buildActionMask = 2147483647;
			files = (
			);
			runOnlyForDeploymentPostprocessing = 0;
		};
		C98C7E5B288E12F30048AD24 /* Frameworks */ = {
			isa = PBXFrameworksBuildPhase;
			buildActionMask = 2147483647;
			files = (
			);
			runOnlyForDeploymentPostprocessing = 0;
		};
/* End PBXFrameworksBuildPhase section */

/* Begin PBXGroup section */
		C98C7E3B288E12F10048AD24 = {
			isa = PBXGroup;
			children = (
				C98C7E46288E12F10048AD24 /* QuickLink */,
				C98C7E57288E12F30048AD24 /* QuickLinkTests */,
				C98C7E61288E12F30048AD24 /* QuickLinkUITests */,
				C98C7E45288E12F10048AD24 /* Products */,
			);
			sourceTree = "<group>";
		};
		C98C7E45288E12F10048AD24 /* Products */ = {
			isa = PBXGroup;
			children = (
				C98C7E44288E12F10048AD24 /* QuickLink.app */,
				C98C7E54288E12F30048AD24 /* QuickLinkTests.xctest */,
				C98C7E5E288E12F30048AD24 /* QuickLinkUITests.xctest */,
			);
			name = Products;
			sourceTree = "<group>";
		};
		C98C7E46288E12F10048AD24 /* QuickLink */ = {
			isa = PBXGroup;
			children = (
				C98C7E47288E12F10048AD24 /* QuickLinkApp.swift */,
				C98C7E71288E13390048AD24 /* Views */,
				C98C7E4B288E12F30048AD24 /* Assets.xcassets */,
				C98C7E72288E141E0048AD24 /* Models */,
				C98C7E4D288E12F30048AD24 /* Preview Content */,
			);
			path = QuickLink;
			sourceTree = "<group>";
		};
		C98C7E4D288E12F30048AD24 /* Preview Content */ = {
			isa = PBXGroup;
			children = (
				C98C7E4E288E12F30048AD24 /* Preview Assets.xcassets */,
			);
			path = "Preview Content";
			sourceTree = "<group>";
		};
		C98C7E57288E12F30048AD24 /* QuickLinkTests */ = {
			isa = PBXGroup;
			children = (
				C98C7E58288E12F30048AD24 /* QuickLinkTests.swift */,
			);
			path = QuickLinkTests;
			sourceTree = "<group>";
		};
		C98C7E61288E12F30048AD24 /* QuickLinkUITests */ = {
			isa = PBXGroup;
			children = (
				C98C7E62288E12F30048AD24 /* QuickLinkUITests.swift */,
				C98C7E64288E12F30048AD24 /* QuickLinkUITestsLaunchTests.swift */,
			);
			path = QuickLinkUITests;
			sourceTree = "<group>";
		};
		C98C7E71288E13390048AD24 /* Views */ = {
			isa = PBXGroup;
			children = (
				C98C7E49288E12F10048AD24 /* HomeView.swift */,
				C98C7E7A288E1A790048AD24 /* SignInBoxView.swift */,
				C98C7E7E288E1E910048AD24 /* SignUpBoxView.swift */,
				C98C7E82288E206C0048AD24 /* HacakthonAccountCreationView.swift */,
				C98C7E84288E209B0048AD24 /* HackathonAccountCreationBoxView.swift */,
				C98C7E80288E1ED70048AD24 /* SignUpView.swift */,
				C98C7E86288E22050048AD24 /* JobCreationBoxView.swift */,
				C9C38227288F665C002C2609 /* CreateAccountView.swift */,
				C9C3822F288F7CF9002C2609 /* PublishAccountView.swift */,
				C98C7E88288E23EC0048AD24 /* JobCreationView.swift */,
				C9AB0CE82890C61E00379B37 /* JobBioView.swift */,
				C956BB4428988FFE005B43A8 /* SuccessView.swift */,
				C9C3822D288F7225002C2609 /* BioView.swift */,
				C98C7E7C288E1C140048AD24 /* SignInView.swift */,
			);
			path = Views;
			sourceTree = "<group>";
		};
		C98C7E72288E141E0048AD24 /* Models */ = {
			isa = PBXGroup;
			children = (
				C98C7E73288E142D0048AD24 /* ColorModel.swift */,
				C9C38225288F1E7B002C2609 /* HackathonAccountModel.swift */,
				C98B61EC2898777D00A91288 /* SignInModel.swift */,
				C9562EF62890595F000F555D /* JobAccountModel.swift */,
			);
			path = Models;
			sourceTree = "<group>";
		};
/* End PBXGroup section */

/* Begin PBXNativeTarget section */
		C98C7E43288E12F10048AD24 /* QuickLink */ = {
			isa = PBXNativeTarget;
			buildConfigurationList = C98C7E68288E12F30048AD24 /* Build configuration list for PBXNativeTarget "QuickLink" */;
			buildPhases = (
				C98C7E40288E12F10048AD24 /* Sources */,
				C98C7E41288E12F10048AD24 /* Frameworks */,
				C98C7E42288E12F10048AD24 /* Resources */,
			);
			buildRules = (
			);
			dependencies = (
			);
			name = QuickLink;
			productName = QuickLink;
			productReference = C98C7E44288E12F10048AD24 /* QuickLink.app */;
			productType = "com.apple.product-type.application";
		};
		C98C7E53288E12F30048AD24 /* QuickLinkTests */ = {
			isa = PBXNativeTarget;
			buildConfigurationList = C98C7E6B288E12F30048AD24 /* Build configuration list for PBXNativeTarget "QuickLinkTests" */;
			buildPhases = (
				C98C7E50288E12F30048AD24 /* Sources */,
				C98C7E51288E12F30048AD24 /* Frameworks */,
				C98C7E52288E12F30048AD24 /* Resources */,
			);
			buildRules = (
			);
			dependencies = (
				C98C7E56288E12F30048AD24 /* PBXTargetDependency */,
			);
			name = QuickLinkTests;
			productName = QuickLinkTests;
			productReference = C98C7E54288E12F30048AD24 /* QuickLinkTests.xctest */;
			productType = "com.apple.product-type.bundle.unit-test";
		};
		C98C7E5D288E12F30048AD24 /* QuickLinkUITests */ = {
			isa = PBXNativeTarget;
			buildConfigurationList = C98C7E6E288E12F30048AD24 /* Build configuration list for PBXNativeTarget "QuickLinkUITests" */;
			buildPhases = (
				C98C7E5A288E12F30048AD24 /* Sources */,
				C98C7E5B288E12F30048AD24 /* Frameworks */,
				C98C7E5C288E12F30048AD24 /* Resources */,
			);
			buildRules = (
			);
			dependencies = (
				C98C7E60288E12F30048AD24 /* PBXTargetDependency */,
			);
			name = QuickLinkUITests;
			productName = QuickLinkUITests;
			productReference = C98C7E5E288E12F30048AD24 /* QuickLinkUITests.xctest */;
			productType = "com.apple.product-type.bundle.ui-testing";
		};
/* End PBXNativeTarget section */

/* Begin PBXProject section */
		C98C7E3C288E12F10048AD24 /* Project object */ = {
			isa = PBXProject;
			attributes = {
				BuildIndependentTargetsInParallel = 1;
				LastSwiftUpdateCheck = 1340;
				LastUpgradeCheck = 1340;
				TargetAttributes = {
					C98C7E43288E12F10048AD24 = {
						CreatedOnToolsVersion = 13.4.1;
					};
					C98C7E53288E12F30048AD24 = {
						CreatedOnToolsVersion = 13.4.1;
						TestTargetID = C98C7E43288E12F10048AD24;
					};
					C98C7E5D288E12F30048AD24 = {
						CreatedOnToolsVersion = 13.4.1;
						TestTargetID = C98C7E43288E12F10048AD24;
					};
				};
			};
			buildConfigurationList = C98C7E3F288E12F10048AD24 /* Build configuration list for PBXProject "QuickLink" */;
			compatibilityVersion = "Xcode 13.0";
			developmentRegion = en;
			hasScannedForEncodings = 0;
			knownRegions = (
				en,
				Base,
			);
			mainGroup = C98C7E3B288E12F10048AD24;
			productRefGroup = C98C7E45288E12F10048AD24 /* Products */;
			projectDirPath = "";
			projectRoot = "";
			targets = (
				C98C7E43288E12F10048AD24 /* QuickLink */,
				C98C7E53288E12F30048AD24 /* QuickLinkTests */,
				C98C7E5D288E12F30048AD24 /* QuickLinkUITests */,
			);
		};
/* End PBXProject section */

/* Begin PBXResourcesBuildPhase section */
		C98C7E42288E12F10048AD24 /* Resources */ = {
			isa = PBXResourcesBuildPhase;
			buildActionMask = 2147483647;
			files = (
				C98C7E4F288E12F30048AD24 /* Preview Assets.xcassets in Resources */,
				C98C7E4C288E12F30048AD24 /* Assets.xcassets in Resources */,
			);
			runOnlyForDeploymentPostprocessing = 0;
		};
		C98C7E52288E12F30048AD24 /* Resources */ = {
			isa = PBXResourcesBuildPhase;
			buildActionMask = 2147483647;
			files = (
			);
			runOnlyForDeploymentPostprocessing = 0;
		};
		C98C7E5C288E12F30048AD24 /* Resources */ = {
			isa = PBXResourcesBuildPhase;
			buildActionMask = 2147483647;
			files = (
			);
			runOnlyForDeploymentPostprocessing = 0;
		};
/* End PBXResourcesBuildPhase section */

/* Begin PBXSourcesBuildPhase section */
		C98C7E40288E12F10048AD24 /* Sources */ = {
			isa = PBXSourcesBuildPhase;
			buildActionMask = 2147483647;
			files = (
				C98C7E4A288E12F10048AD24 /* HomeView.swift in Sources */,
				C98C7E87288E22050048AD24 /* JobCreationBoxView.swift in Sources */,
				C9AB0CE92890C61E00379B37 /* JobBioView.swift in Sources */,
				C98C7E48288E12F10048AD24 /* QuickLinkApp.swift in Sources */,
				C98C7E7F288E1E910048AD24 /* SignUpBoxView.swift in Sources */,
				C98B61ED2898777D00A91288 /* SignInModel.swift in Sources */,
				C9C38230288F7CFA002C2609 /* PublishAccountView.swift in Sources */,
				C98C7E81288E1ED70048AD24 /* SignUpView.swift in Sources */,
				C9C3822E288F7225002C2609 /* BioView.swift in Sources */,
				C956BB4528988FFE005B43A8 /* SuccessView.swift in Sources */,
				C9C38226288F1E7B002C2609 /* HackathonAccountModel.swift in Sources */,
				C9C38228288F665C002C2609 /* CreateAccountView.swift in Sources */,
				C9562EF72890595F000F555D /* JobAccountModel.swift in Sources */,
				C98C7E7B288E1A790048AD24 /* SignInBoxView.swift in Sources */,
				C98C7E74288E142D0048AD24 /* ColorModel.swift in Sources */,
				C98C7E7D288E1C140048AD24 /* SignInView.swift in Sources */,
				C98C7E85288E209B0048AD24 /* HackathonAccountCreationBoxView.swift in Sources */,
				C98C7E83288E206C0048AD24 /* HacakthonAccountCreationView.swift in Sources */,
				C98C7E89288E23ED0048AD24 /* JobCreationView.swift in Sources */,
			);
			runOnlyForDeploymentPostprocessing = 0;
		};
		C98C7E50288E12F30048AD24 /* Sources */ = {
			isa = PBXSourcesBuildPhase;
			buildActionMask = 2147483647;
			files = (
				C98C7E59288E12F30048AD24 /* QuickLinkTests.swift in Sources */,
			);
			runOnlyForDeploymentPostprocessing = 0;
		};
		C98C7E5A288E12F30048AD24 /* Sources */ = {
			isa = PBXSourcesBuildPhase;
			buildActionMask = 2147483647;
			files = (
				C98C7E65288E12F30048AD24 /* QuickLinkUITestsLaunchTests.swift in Sources */,
				C98C7E63288E12F30048AD24 /* QuickLinkUITests.swift in Sources */,
			);
			runOnlyForDeploymentPostprocessing = 0;
		};
/* End PBXSourcesBuildPhase section */

/* Begin PBXTargetDependency section */
		C98C7E56288E12F30048AD24 /* PBXTargetDependency */ = {
			isa = PBXTargetDependency;
			target = C98C7E43288E12F10048AD24 /* QuickLink */;
			targetProxy = C98C7E55288E12F30048AD24 /* PBXContainerItemProxy */;
		};
		C98C7E60288E12F30048AD24 /* PBXTargetDependency */ = {
			isa = PBXTargetDependency;
			target = C98C7E43288E12F10048AD24 /* QuickLink */;
			targetProxy = C98C7E5F288E12F30048AD24 /* PBXContainerItemProxy */;
		};
/* End PBXTargetDependency section */

/* Begin XCBuildConfiguration section */
		C98C7E66288E12F30048AD24 /* Debug */ = {
			isa = XCBuildConfiguration;
			buildSettings = {
				ALWAYS_SEARCH_USER_PATHS = NO;
				CLANG_ANALYZER_NONNULL = YES;
				CLANG_ANALYZER_NUMBER_OBJECT_CONVERSION = YES_AGGRESSIVE;
				CLANG_CXX_LANGUAGE_STANDARD = "gnu++17";
				CLANG_ENABLE_MODULES = YES;
				CLANG_ENABLE_OBJC_ARC = YES;
				CLANG_ENABLE_OBJC_WEAK = YES;
				CLANG_WARN_BLOCK_CAPTURE_AUTORELEASING = YES;
				CLANG_WARN_BOOL_CONVERSION = YES;
				CLANG_WARN_COMMA = YES;
				CLANG_WARN_CONSTANT_CONVERSION = YES;
				CLANG_WARN_DEPRECATED_OBJC_IMPLEMENTATIONS = YES;
				CLANG_WARN_DIRECT_OBJC_ISA_USAGE = YES_ERROR;
				CLANG_WARN_DOCUMENTATION_COMMENTS = YES;
				CLANG_WARN_EMPTY_BODY = YES;
				CLANG_WARN_ENUM_CONVERSION = YES;
				CLANG_WARN_INFINITE_RECURSION = YES;
				CLANG_WARN_INT_CONVERSION = YES;
				CLANG_WARN_NON_LITERAL_NULL_CONVERSION = YES;
				CLANG_WARN_OBJC_IMPLICIT_RETAIN_SELF = YES;
				CLANG_WARN_OBJC_LITERAL_CONVERSION = YES;
				CLANG_WARN_OBJC_ROOT_CLASS = YES_ERROR;
				CLANG_WARN_QUOTED_INCLUDE_IN_FRAMEWORK_HEADER = YES;
				CLANG_WARN_RANGE_LOOP_ANALYSIS = YES;
				CLANG_WARN_STRICT_PROTOTYPES = YES;
				CLANG_WARN_SUSPICIOUS_MOVE = YES;
				CLANG_WARN_UNGUARDED_AVAILABILITY = YES_AGGRESSIVE;
				CLANG_WARN_UNREACHABLE_CODE = YES;
				CLANG_WARN__DUPLICATE_METHOD_MATCH = YES;
				COPY_PHASE_STRIP = NO;
				DEBUG_INFORMATION_FORMAT = dwarf;
				ENABLE_STRICT_OBJC_MSGSEND = YES;
				ENABLE_TESTABILITY = YES;
				GCC_C_LANGUAGE_STANDARD = gnu11;
				GCC_DYNAMIC_NO_PIC = NO;
				GCC_NO_COMMON_BLOCKS = YES;
				GCC_OPTIMIZATION_LEVEL = 0;
				GCC_PREPROCESSOR_DEFINITIONS = (
					"DEBUG=1",
					"$(inherited)",
				);
				GCC_WARN_64_TO_32_BIT_CONVERSION = YES;
				GCC_WARN_ABOUT_RETURN_TYPE = YES_ERROR;
				GCC_WARN_UNDECLARED_SELECTOR = YES;
				GCC_WARN_UNINITIALIZED_AUTOS = YES_AGGRESSIVE;
				GCC_WARN_UNUSED_FUNCTION = YES;
				GCC_WARN_UNUSED_VARIABLE = YES;
				IPHONEOS_DEPLOYMENT_TARGET = 15.5;
				MTL_ENABLE_DEBUG_INFO = INCLUDE_SOURCE;
				MTL_FAST_MATH = YES;
				ONLY_ACTIVE_ARCH = YES;
				SDKROOT = iphoneos;
				SWIFT_ACTIVE_COMPILATION_CONDITIONS = DEBUG;
				SWIFT_OPTIMIZATION_LEVEL = "-Onone";
			};
			name = Debug;
		};
		C98C7E67288E12F30048AD24 /* Release */ = {
			isa = XCBuildConfiguration;
			buildSettings = {
				ALWAYS_SEARCH_USER_PATHS = NO;
				CLANG_ANALYZER_NONNULL = YES;
				CLANG_ANALYZER_NUMBER_OBJECT_CONVERSION = YES_AGGRESSIVE;
				CLANG_CXX_LANGUAGE_STANDARD = "gnu++17";
				CLANG_ENABLE_MODULES = YES;
				CLANG_ENABLE_OBJC_ARC = YES;
				CLANG_ENABLE_OBJC_WEAK = YES;
				CLANG_WARN_BLOCK_CAPTURE_AUTORELEASING = YES;
				CLANG_WARN_BOOL_CONVERSION = YES;
				CLANG_WARN_COMMA = YES;
				CLANG_WARN_CONSTANT_CONVERSION = YES;
				CLANG_WARN_DEPRECATED_OBJC_IMPLEMENTATIONS = YES;
				CLANG_WARN_DIRECT_OBJC_ISA_USAGE = YES_ERROR;
				CLANG_WARN_DOCUMENTATION_COMMENTS = YES;
				CLANG_WARN_EMPTY_BODY = YES;
				CLANG_WARN_ENUM_CONVERSION = YES;
				CLANG_WARN_INFINITE_RECURSION = YES;
				CLANG_WARN_INT_CONVERSION = YES;
				CLANG_WARN_NON_LITERAL_NULL_CONVERSION = YES;
				CLANG_WARN_OBJC_IMPLICIT_RETAIN_SELF = YES;
				CLANG_WARN_OBJC_LITERAL_CONVERSION = YES;
				CLANG_WARN_OBJC_ROOT_CLASS = YES_ERROR;
				CLANG_WARN_QUOTED_INCLUDE_IN_FRAMEWORK_HEADER = YES;
				CLANG_WARN_RANGE_LOOP_ANALYSIS = YES;
				CLANG_WARN_STRICT_PROTOTYPES = YES;
				CLANG_WARN_SUSPICIOUS_MOVE = YES;
				CLANG_WARN_UNGUARDED_AVAILABILITY = YES_AGGRESSIVE;
				CLANG_WARN_UNREACHABLE_CODE = YES;
				CLANG_WARN__DUPLICATE_METHOD_MATCH = YES;
				COPY_PHASE_STRIP = NO;
				DEBUG_INFORMATION_FORMAT = "dwarf-with-dsym";
				ENABLE_NS_ASSERTIONS = NO;
				ENABLE_STRICT_OBJC_MSGSEND = YES;
				GCC_C_LANGUAGE_STANDARD = gnu11;
				GCC_NO_COMMON_BLOCKS = YES;
				GCC_WARN_64_TO_32_BIT_CONVERSION = YES;
				GCC_WARN_ABOUT_RETURN_TYPE = YES_ERROR;
				GCC_WARN_UNDECLARED_SELECTOR = YES;
				GCC_WARN_UNINITIALIZED_AUTOS = YES_AGGRESSIVE;
				GCC_WARN_UNUSED_FUNCTION = YES;
				GCC_WARN_UNUSED_VARIABLE = YES;
				IPHONEOS_DEPLOYMENT_TARGET = 15.5;
				MTL_ENABLE_DEBUG_INFO = NO;
				MTL_FAST_MATH = YES;
				SDKROOT = iphoneos;
				SWIFT_COMPILATION_MODE = wholemodule;
				SWIFT_OPTIMIZATION_LEVEL = "-O";
				VALIDATE_PRODUCT = YES;
			};
			name = Release;
		};
		C98C7E69288E12F30048AD24 /* Debug */ = {
			isa = XCBuildConfiguration;
			buildSettings = {
				ASSETCATALOG_COMPILER_APPICON_NAME = AppIcon;
				ASSETCATALOG_COMPILER_GLOBAL_ACCENT_COLOR_NAME = AccentColor;
				CODE_SIGN_STYLE = Automatic;
				CURRENT_PROJECT_VERSION = 1;
				DEVELOPMENT_ASSET_PATHS = "\"QuickLink/Preview Content\"";
				DEVELOPMENT_TEAM = L553JDD2F4;
				ENABLE_PREVIEWS = YES;
				GENERATE_INFOPLIST_FILE = YES;
				INFOPLIST_KEY_UIApplicationSceneManifest_Generation = YES;
				INFOPLIST_KEY_UIApplicationSupportsIndirectInputEvents = YES;
				INFOPLIST_KEY_UILaunchScreen_Generation = YES;
				INFOPLIST_KEY_UISupportedInterfaceOrientations_iPad = "UIInterfaceOrientationPortrait UIInterfaceOrientationPortraitUpsideDown UIInterfaceOrientationLandscapeLeft UIInterfaceOrientationLandscapeRight";
				INFOPLIST_KEY_UISupportedInterfaceOrientations_iPhone = "UIInterfaceOrientationPortrait UIInterfaceOrientationLandscapeLeft UIInterfaceOrientationLandscapeRight";
				LD_RUNPATH_SEARCH_PATHS = (
					"$(inherited)",
					"@executable_path/Frameworks",
				);
				MARKETING_VERSION = 1.0;
				PRODUCT_BUNDLE_IDENTIFIER = com.jaivalpatel.QuickLink;
				PRODUCT_NAME = "$(TARGET_NAME)";
				SWIFT_EMIT_LOC_STRINGS = YES;
				SWIFT_VERSION = 5.0;
				TARGETED_DEVICE_FAMILY = "1,2";
			};
			name = Debug;
		};
		C98C7E6A288E12F30048AD24 /* Release */ = {
			isa = XCBuildConfiguration;
			buildSettings = {
				ASSETCATALOG_COMPILER_APPICON_NAME = AppIcon;
				ASSETCATALOG_COMPILER_GLOBAL_ACCENT_COLOR_NAME = AccentColor;
				CODE_SIGN_STYLE = Automatic;
				CURRENT_PROJECT_VERSION = 1;
				DEVELOPMENT_ASSET_PATHS = "\"QuickLink/Preview Content\"";
				DEVELOPMENT_TEAM = L553JDD2F4;
				ENABLE_PREVIEWS = YES;
				GENERATE_INFOPLIST_FILE = YES;
				INFOPLIST_KEY_UIApplicationSceneManifest_Generation = YES;
				INFOPLIST_KEY_UIApplicationSupportsIndirectInputEvents = YES;
				INFOPLIST_KEY_UILaunchScreen_Generation = YES;
				INFOPLIST_KEY_UISupportedInterfaceOrientations_iPad = "UIInterfaceOrientationPortrait UIInterfaceOrientationPortraitUpsideDown UIInterfaceOrientationLandscapeLeft UIInterfaceOrientationLandscapeRight";
				INFOPLIST_KEY_UISupportedInterfaceOrientations_iPhone = "UIInterfaceOrientationPortrait UIInterfaceOrientationLandscapeLeft UIInterfaceOrientationLandscapeRight";
				LD_RUNPATH_SEARCH_PATHS = (
					"$(inherited)",
					"@executable_path/Frameworks",
				);
				MARKETING_VERSION = 1.0;
				PRODUCT_BUNDLE_IDENTIFIER = com.jaivalpatel.QuickLink;
				PRODUCT_NAME = "$(TARGET_NAME)";
				SWIFT_EMIT_LOC_STRINGS = YES;
				SWIFT_VERSION = 5.0;
				TARGETED_DEVICE_FAMILY = "1,2";
			};
			name = Release;
		};
		C98C7E6C288E12F30048AD24 /* Debug */ = {
			isa = XCBuildConfiguration;
			buildSettings = {
				ALWAYS_EMBED_SWIFT_STANDARD_LIBRARIES = YES;
				BUNDLE_LOADER = "$(TEST_HOST)";
				CODE_SIGN_STYLE = Automatic;
				CURRENT_PROJECT_VERSION = 1;
				DEVELOPMENT_TEAM = L553JDD2F4;
				GENERATE_INFOPLIST_FILE = YES;
				IPHONEOS_DEPLOYMENT_TARGET = 15.5;
				MARKETING_VERSION = 1.0;
				PRODUCT_BUNDLE_IDENTIFIER = com.jaivalpatel.QuickLinkTests;
				PRODUCT_NAME = "$(TARGET_NAME)";
				SWIFT_EMIT_LOC_STRINGS = NO;
				SWIFT_VERSION = 5.0;
				TARGETED_DEVICE_FAMILY = "1,2";
				TEST_HOST = "$(BUILT_PRODUCTS_DIR)/QuickLink.app/QuickLink";
			};
			name = Debug;
		};
		C98C7E6D288E12F30048AD24 /* Release */ = {
			isa = XCBuildConfiguration;
			buildSettings = {
				ALWAYS_EMBED_SWIFT_STANDARD_LIBRARIES = YES;
				BUNDLE_LOADER = "$(TEST_HOST)";
				CODE_SIGN_STYLE = Automatic;
				CURRENT_PROJECT_VERSION = 1;
				DEVELOPMENT_TEAM = L553JDD2F4;
				GENERATE_INFOPLIST_FILE = YES;
				IPHONEOS_DEPLOYMENT_TARGET = 15.5;
				MARKETING_VERSION = 1.0;
				PRODUCT_BUNDLE_IDENTIFIER = com.jaivalpatel.QuickLinkTests;
				PRODUCT_NAME = "$(TARGET_NAME)";
				SWIFT_EMIT_LOC_STRINGS = NO;
				SWIFT_VERSION = 5.0;
				TARGETED_DEVICE_FAMILY = "1,2";
				TEST_HOST = "$(BUILT_PRODUCTS_DIR)/QuickLink.app/QuickLink";
			};
			name = Release;
		};
		C98C7E6F288E12F30048AD24 /* Debug */ = {
			isa = XCBuildConfiguration;
			buildSettings = {
				ALWAYS_EMBED_SWIFT_STANDARD_LIBRARIES = YES;
				CODE_SIGN_STYLE = Automatic;
				CURRENT_PROJECT_VERSION = 1;
				DEVELOPMENT_TEAM = L553JDD2F4;
				GENERATE_INFOPLIST_FILE = YES;
				MARKETING_VERSION = 1.0;
				PRODUCT_BUNDLE_IDENTIFIER = com.jaivalpatel.QuickLinkUITests;
				PRODUCT_NAME = "$(TARGET_NAME)";
				SWIFT_EMIT_LOC_STRINGS = NO;
				SWIFT_VERSION = 5.0;
				TARGETED_DEVICE_FAMILY = "1,2";
				TEST_TARGET_NAME = QuickLink;
			};
			name = Debug;
		};
		C98C7E70288E12F30048AD24 /* Release */ = {
			isa = XCBuildConfiguration;
			buildSettings = {
				ALWAYS_EMBED_SWIFT_STANDARD_LIBRARIES = YES;
				CODE_SIGN_STYLE = Automatic;
				CURRENT_PROJECT_VERSION = 1;
				DEVELOPMENT_TEAM = L553JDD2F4;
				GENERATE_INFOPLIST_FILE = YES;
				MARKETING_VERSION = 1.0;
				PRODUCT_BUNDLE_IDENTIFIER = com.jaivalpatel.QuickLinkUITests;
				PRODUCT_NAME = "$(TARGET_NAME)";
				SWIFT_EMIT_LOC_STRINGS = NO;
				SWIFT_VERSION = 5.0;
				TARGETED_DEVICE_FAMILY = "1,2";
				TEST_TARGET_NAME = QuickLink;
			};
			name = Release;
		};
/* End XCBuildConfiguration section */

/* Begin XCConfigurationList section */
		C98C7E3F288E12F10048AD24 /* Build configuration list for PBXProject "QuickLink" */ = {
			isa = XCConfigurationList;
			buildConfigurations = (
				C98C7E66288E12F30048AD24 /* Debug */,
				C98C7E67288E12F30048AD24 /* Release */,
			);
			defaultConfigurationIsVisible = 0;
			defaultConfigurationName = Release;
		};
		C98C7E68288E12F30048AD24 /* Build configuration list for PBXNativeTarget "QuickLink" */ = {
			isa = XCConfigurationList;
			buildConfigurations = (
				C98C7E69288E12F30048AD24 /* Debug */,
				C98C7E6A288E12F30048AD24 /* Release */,
			);
			defaultConfigurationIsVisible = 0;
			defaultConfigurationName = Release;
		};
		C98C7E6B288E12F30048AD24 /* Build configuration list for PBXNativeTarget "QuickLinkTests" */ = {
			isa = XCConfigurationList;
			buildConfigurations = (
				C98C7E6C288E12F30048AD24 /* Debug */,
				C98C7E6D288E12F30048AD24 /* Release */,
			);
			defaultConfigurationIsVisible = 0;
			defaultConfigurationName = Release;
		};
		C98C7E6E288E12F30048AD24 /* Build configuration list for PBXNativeTarget "QuickLinkUITests" */ = {
			isa = XCConfigurationList;
			buildConfigurations = (
				C98C7E6F288E12F30048AD24 /* Debug */,
				C98C7E70288E12F30048AD24 /* Release */,
			);
			defaultConfigurationIsVisible = 0;
			defaultConfigurationName = Release;
		};
/* End XCConfigurationList section */
	};
	rootObject = C98C7E3C288E12F10048AD24 /* Project object */;
}
